
Microsoft Visual Studio Solution File, Format Version 12.00
# Visual Studio 15
VisualStudioVersion = 15.0.27130.2003
MinimumVisualStudioVersion = 10.0.40219.1
Project("{FAE04EC0-301F-11D3-BF4B-00C04F79EFBC}") = "SSMScripter17", "SSMScripter\SSMScripter17.csproj", "{BC25735C-CB7E-47DB-A1F1-16CB7203DF92}"
EndProject
Project("{FAE04EC0-301F-11D3-BF4B-00C04F79EFBC}") = "SSMScripter17.VSPackage", "SSMScripter.VSPackage\SSMScripter17.VSPackage.csproj", "{AF287178-CF0F-47A2-8F99-E4EE89779FA2}"
EndProject
Project("{FAE04EC0-301F-11D3-BF4B-00C04F79EFBC}") = "SSMScripter.Tests", "SSMScripter.Tests\SSMScripter.Tests.csproj", "{ABAEC859-F9E0-44EF-B43C-489628464FAF}"
EndProject
Global
	GlobalSection(SolutionConfigurationPlatforms) = preSolution
		Debug|Any CPU = Debug|Any CPU
		Release|Any CPU = Release|Any CPU
	EndGlobalSection
	GlobalSection(ProjectConfigurationPlatforms) = postSolution
		{BC25735C-CB7E-47DB-A1F1-16CB7203DF92}.Debug|Any CPU.ActiveCfg = Debug|Any CPU
		{BC25735C-CB7E-47DB-A1F1-16CB7203DF92}.Debug|Any CPU.Build.0 = Debug|Any CPU
		{BC25735C-CB7E-47DB-A1F1-16CB7203DF92}.Release|Any CPU.ActiveCfg = Release|Any CPU
		{BC25735C-CB7E-47DB-A1F1-16CB7203DF92}.Release|Any CPU.Build.0 = Release|Any CPU
		{AF287178-CF0F-47A2-8F99-E4EE89779FA2}.Debug|Any CPU.ActiveCfg = Debug|Any CPU
		{AF287178-CF0F-47A2-8F99-E4EE89779FA2}.Debug|Any CPU.Build.0 = Debug|Any CPU
		{AF287178-CF0F-47A2-8F99-E4EE89779FA2}.Release|Any CPU.ActiveCfg = Release|Any CPU
		{AF287178-CF0F-47A2-8F99-E4EE89779FA2}.Release|Any CPU.Build.0 = Release|Any CPU
		{ABAEC859-F9E0-44EF-B43C-489628464FAF}.Debug|Any CPU.ActiveCfg = Debug|Any CPU
		{ABAEC859-F9E0-44EF-B43C-489628464FAF}.Debug|Any CPU.Build.0 = Debug|Any CPU
		{ABAEC859-F9E0-44EF-B43C-489628464FAF}.Release|Any CPU.ActiveCfg = Release|Any CPU
		{ABAEC859-F9E0-44EF-B43C-489628464FAF}.Release|Any CPU.Build.0 = Release|Any CPU
	EndGlobalSection
	GlobalSection(SolutionProperties) = preSolution
		HideSolutionNode = FALSE
	EndGlobalSection
	GlobalSection(ExtensibilityGlobals) = postSolution
		SolutionGuid = {E7B50791-1E18-4F03-9ECF-DFD86FA284A3}
	EndGlobalSection
EndGlobal
